
Microsoft Visual Studio Solution File, Format Version 12.00
# Visual Studio Version 16
VisualStudioVersion = 16.0.29609.76
MinimumVisualStudioVersion = 10.0.40219.1
Project("{FAE04EC0-301F-11D3-BF4B-00C04F79EFBC}") = "TimeTrackerAgent", "src\TimeTrackerAgent\TimeTrackerAgent.csproj", "{264D248F-95DE-4884-86E6-B9401B69DD9B}"
EndProject
Global
	GlobalSection(SolutionConfigurationPlatforms) = preSolution
		Debug|Any CPU = Debug|Any CPU
		Release|Any CPU = Release|Any CPU
	EndGlobalSection
	GlobalSection(ProjectConfigurationPlatforms) = postSolution
		{264D248F-95DE-4884-86E6-B9401B69DD9B}.Debug|Any CPU.ActiveCfg = Debug|Any CPU
		{264D248F-95DE-4884-86E6-B9401B69DD9B}.Debug|Any CPU.Build.0 = Debug|Any CPU
		{264D248F-95DE-4884-86E6-B9401B69DD9B}.Release|Any CPU.ActiveCfg = Release|Any CPU
		{264D248F-95DE-4884-86E6-B9401B69DD9B}.Release|Any CPU.Build.0 = Release|Any CPU
	EndGlobalSection
	GlobalSection(SolutionProperties) = preSolution
		HideSolutionNode = FALSE
	EndGlobalSection
	GlobalSection(ExtensibilityGlobals) = postSolution
		SolutionGuid = {E1E58182-8D55-4C9B-A99C-7C1CB04337B9}
	EndGlobalSection
EndGlobal
